
Microsoft Visual Studio Solution File, Format Version 12.00
# Visual Studio Version 17
VisualStudioVersion = 17.9.34607.119
MinimumVisualStudioVersion = 10.0.40219.1
Project("{FAE04EC0-301F-11D3-BF4B-00C04F79EFBC}") = "Phoneword", "Phoneword\Phoneword.csproj", "{EEEEA8F7-F4AF-4768-BC0F-CD7160C34A59}"
EndProject
Global
	GlobalSection(SolutionConfigurationPlatforms) = preSolution
		Debug|Any CPU = Debug|Any CPU
		Release|Any CPU = Release|Any CPU
	EndGlobalSection
	GlobalSection(ProjectConfigurationPlatforms) = postSolution
		{EEEEA8F7-F4AF-4768-BC0F-CD7160C34A59}.Debug|Any CPU.ActiveCfg = Debug|Any CPU
		{EEEEA8F7-F4AF-4768-BC0F-CD7160C34A59}.Debug|Any CPU.Build.0 = Debug|Any CPU
		{EEEEA8F7-F4AF-4768-BC0F-CD7160C34A59}.Debug|Any CPU.Deploy.0 = Debug|Any CPU
		{EEEEA8F7-F4AF-4768-BC0F-CD7160C34A59}.Release|Any CPU.ActiveCfg = Release|Any CPU
		{EEEEA8F7-F4AF-4768-BC0F-CD7160C34A59}.Release|Any CPU.Build.0 = Release|Any CPU
		{EEEEA8F7-F4AF-4768-BC0F-CD7160C34A59}.Release|Any CPU.Deploy.0 = Release|Any CPU
	EndGlobalSection
	GlobalSection(SolutionProperties) = preSolution
		HideSolutionNode = FALSE
	EndGlobalSection
	GlobalSection(ExtensibilityGlobals) = postSolution
		SolutionGuid = {E382339E-81E9-44BB-A82F-5A1A72FB3486}
	EndGlobalSection
EndGlobal
